
Microsoft Visual Studio Solution File, Format Version 12.00
# Visual Studio Version 16
VisualStudioVersion = 16.0.30011.22
MinimumVisualStudioVersion = 10.0.40219.1
Project("{FAE04EC0-301F-11D3-BF4B-00C04F79EFBC}") = "monthseason", "monthseason\monthseason.csproj", "{EF91DB23-E452-4355-872F-7914527E50E3}"
EndProject
Global
	GlobalSection(SolutionConfigurationPlatforms) = preSolution
		Debug|Any CPU = Debug|Any CPU
		Release|Any CPU = Release|Any CPU
	EndGlobalSection
	GlobalSection(ProjectConfigurationPlatforms) = postSolution
		{EF91DB23-E452-4355-872F-7914527E50E3}.Debug|Any CPU.ActiveCfg = Debug|Any CPU
		{EF91DB23-E452-4355-872F-7914527E50E3}.Debug|Any CPU.Build.0 = Debug|Any CPU
		{EF91DB23-E452-4355-872F-7914527E50E3}.Release|Any CPU.ActiveCfg = Release|Any CPU
		{EF91DB23-E452-4355-872F-7914527E50E3}.Release|Any CPU.Build.0 = Release|Any CPU
	EndGlobalSection
	GlobalSection(SolutionProperties) = preSolution
		HideSolutionNode = FALSE
	EndGlobalSection
	GlobalSection(ExtensibilityGlobals) = postSolution
		SolutionGuid = {BD4942AD-0077-41D3-B917-3B7BF3AA42DB}
	EndGlobalSection
EndGlobal
